
Microsoft Visual Studio Solution File, Format Version 12.00
# Visual Studio 15
VisualStudioVersion = 15.0.28010.2050
MinimumVisualStudioVersion = 10.0.40219.1
Project("{FAE04EC0-301F-11D3-BF4B-00C04F79EFBC}") = "EFDemo01", "EFDemo01\EFDemo01.csproj", "{97554FF6-562B-4A74-B4EA-457B22750104}"
EndProject
Project("{00D1A9C2-B5F0-4AF3-8072-F6C62B433612}") = "EventsDatabase", "EventsDatabase\EventsDatabase.sqlproj", "{A58A926C-3A79-44FC-A6CD-E64C07606586}"
EndProject
Global
	GlobalSection(SolutionConfigurationPlatforms) = preSolution
		Debug|Any CPU = Debug|Any CPU
		Release|Any CPU = Release|Any CPU
	EndGlobalSection
	GlobalSection(ProjectConfigurationPlatforms) = postSolution
		{97554FF6-562B-4A74-B4EA-457B22750104}.Debug|Any CPU.ActiveCfg = Debug|Any CPU
		{97554FF6-562B-4A74-B4EA-457B22750104}.Debug|Any CPU.Build.0 = Debug|Any CPU
		{97554FF6-562B-4A74-B4EA-457B22750104}.Release|Any CPU.ActiveCfg = Release|Any CPU
		{97554FF6-562B-4A74-B4EA-457B22750104}.Release|Any CPU.Build.0 = Release|Any CPU
		{A58A926C-3A79-44FC-A6CD-E64C07606586}.Debug|Any CPU.ActiveCfg = Debug|Any CPU
		{A58A926C-3A79-44FC-A6CD-E64C07606586}.Debug|Any CPU.Build.0 = Debug|Any CPU
		{A58A926C-3A79-44FC-A6CD-E64C07606586}.Debug|Any CPU.Deploy.0 = Debug|Any CPU
		{A58A926C-3A79-44FC-A6CD-E64C07606586}.Release|Any CPU.ActiveCfg = Release|Any CPU
		{A58A926C-3A79-44FC-A6CD-E64C07606586}.Release|Any CPU.Build.0 = Release|Any CPU
		{A58A926C-3A79-44FC-A6CD-E64C07606586}.Release|Any CPU.Deploy.0 = Release|Any CPU
	EndGlobalSection
	GlobalSection(SolutionProperties) = preSolution
		HideSolutionNode = FALSE
	EndGlobalSection
	GlobalSection(ExtensibilityGlobals) = postSolution
		SolutionGuid = {F3C92C31-6CF8-4BAC-9CC0-F5928F54DA54}
	EndGlobalSection
EndGlobal
